// !$*UTF8*$!
{
	archiveVersion = 1;
	classes = {
	};
	objectVersion = 51;
	objects = {

/* Begin PBXBuildFile section */
		CE796FF5244BC43D00EE4830 /* AppDelegate.swift in Sources */ = {isa = PBXBuildFile; fileRef = CE796FF4244BC43D00EE4830 /* AppDelegate.swift */; };
		CE796FF7244BC43D00EE4830 /* SceneDelegate.swift in Sources */ = {isa = PBXBuildFile; fileRef = CE796FF6244BC43D00EE4830 /* SceneDelegate.swift */; };
		CE796FF9244BC43D00EE4830 /* ViewController.swift in Sources */ = {isa = PBXBuildFile; fileRef = CE796FF8244BC43D00EE4830 /* ViewController.swift */; };
		CE796FFC244BC43D00EE4830 /* Main.storyboard in Resources */ = {isa = PBXBuildFile; fileRef = CE796FFA244BC43D00EE4830 /* Main.storyboard */; };
		CE796FFF244BC43D00EE4830 /* CoronaWorldCompare.xcdatamodeld in Sources */ = {isa = PBXBuildFile; fileRef = CE796FFD244BC43D00EE4830 /* CoronaWorldCompare.xcdatamodeld */; };
		CE797001244BC43F00EE4830 /* Assets.xcassets in Resources */ = {isa = PBXBuildFile; fileRef = CE797000244BC43F00EE4830 /* Assets.xcassets */; };
		CE797004244BC43F00EE4830 /* LaunchScreen.storyboard in Resources */ = {isa = PBXBuildFile; fileRef = CE797002244BC43F00EE4830 /* LaunchScreen.storyboard */; };
		CE79700F244BC44000EE4830 /* CoronaWorldCompareTests.swift in Sources */ = {isa = PBXBuildFile; fileRef = CE79700E244BC44000EE4830 /* CoronaWorldCompareTests.swift */; };
		CE79701A244BC44000EE4830 /* CoronaWorldCompareUITests.swift in Sources */ = {isa = PBXBuildFile; fileRef = CE797019244BC44000EE4830 /* CoronaWorldCompareUITests.swift */; };
		CEDF361D24B0A0E000744FAD /* ApiService.swift in Sources */ = {isa = PBXBuildFile; fileRef = CEDF361C24B0A0E000744FAD /* ApiService.swift */; };
		CEE46CAA244C465D00D8225B /* Pods_CoronaWorldCompare.framework in Frameworks */ = {isa = PBXBuildFile; fileRef = CEE46CA8244C465D00D8225B /* Pods_CoronaWorldCompare.framework */; };
		CEE46CAB244C465D00D8225B /* Pods_CoronaWorldCompare.framework in Embed Frameworks */ = {isa = PBXBuildFile; fileRef = CEE46CA8244C465D00D8225B /* Pods_CoronaWorldCompare.framework */; settings = {ATTRIBUTES = (CodeSignOnCopy, RemoveHeadersOnCopy, ); }; };
		CEE46CAC244C465D00D8225B /* Pods_CoronaWorldCompareTests.framework in Frameworks */ = {isa = PBXBuildFile; fileRef = CEE46CA9244C465D00D8225B /* Pods_CoronaWorldCompareTests.framework */; };
		CEE46CAD244C465D00D8225B /* Pods_CoronaWorldCompareTests.framework in Embed Frameworks */ = {isa = PBXBuildFile; fileRef = CEE46CA9244C465D00D8225B /* Pods_CoronaWorldCompareTests.framework */; settings = {ATTRIBUTES = (CodeSignOnCopy, RemoveHeadersOnCopy, ); }; };
		CEE46CAF244C5EB400D8225B /* CompareVC.swift in Sources */ = {isa = PBXBuildFile; fileRef = CEE46CAE244C5EB400D8225B /* CompareVC.swift */; };
		CEE46CB2244C5EF900D8225B /* CountryCell.swift in Sources */ = {isa = PBXBuildFile; fileRef = CEE46CB0244C5EF900D8225B /* CountryCell.swift */; };
		CEE46CB3244C5EF900D8225B /* CountryCell.xib in Resources */ = {isa = PBXBuildFile; fileRef = CEE46CB1244C5EF900D8225B /* CountryCell.xib */; };
		CEE46CB5244C655900D8225B /* Country.swift in Sources */ = {isa = PBXBuildFile; fileRef = CEE46CB4244C655900D8225B /* Country.swift */; };
		DA6CE95DEEA6CB9408E8D873 /* Pods_CoronaWorldCompare_CoronaWorldCompareUITests.framework in Frameworks */ = {isa = PBXBuildFile; fileRef = 01154690BCF56EF1308FE0B7 /* Pods_CoronaWorldCompare_CoronaWorldCompareUITests.framework */; };
		FD1F30112412F5158A026D52 /* Pods_CoronaWorldCompareTests.framework in Frameworks */ = {isa = PBXBuildFile; fileRef = 0895A693B6C6FA976DBB02D7 /* Pods_CoronaWorldCompareTests.framework */; };
/* End PBXBuildFile section */

/* Begin PBXContainerItemProxy section */
		CE79700B244BC44000EE4830 /* PBXContainerItemProxy */ = {
			isa = PBXContainerItemProxy;
			containerPortal = CE796FE9244BC43D00EE4830 /* Project object */;
			proxyType = 1;
			remoteGlobalIDString = CE796FF0244BC43D00EE4830;
			remoteInfo = CoronaWorldCompare;
		};
		CE797016244BC44000EE4830 /* PBXContainerItemProxy */ = {
			isa = PBXContainerItemProxy;
			containerPortal = CE796FE9244BC43D00EE4830 /* Project object */;
			proxyType = 1;
			remoteGlobalIDString = CE796FF0244BC43D00EE4830;
			remoteInfo = CoronaWorldCompare;
		};
/* End PBXContainerItemProxy section */

/* Begin PBXCopyFilesBuildPhase section */
		CEE46CA7244C461500D8225B /* Embed Frameworks */ = {
			isa = PBXCopyFilesBuildPhase;
			buildActionMask = 2147483647;
			dstPath = "";
			dstSubfolderSpec = 10;
			files = (
				CEE46CAD244C465D00D8225B /* Pods_CoronaWorldCompareTests.framework in Embed Frameworks */,
				CEE46CAB244C465D00D8225B /* Pods_CoronaWorldCompare.framework in Embed Frameworks */,
			);
			name = "Embed Frameworks";
			runOnlyForDeploymentPostprocessing = 0;
		};
/* End PBXCopyFilesBuildPhase section */

/* Begin PBXFileReference section */
		01154690BCF56EF1308FE0B7 /* Pods_CoronaWorldCompare_CoronaWorldCompareUITests.framework */ = {isa = PBXFileReference; explicitFileType = wrapper.framework; includeInIndex = 0; path = Pods_CoronaWorldCompare_CoronaWorldCompareUITests.framework; sourceTree = BUILT_PRODUCTS_DIR; };
		02A1C7F30E86A301A593CCC4 /* Pods-CoronaWorldCompareTests.debug.xcconfig */ = {isa = PBXFileReference; includeInIndex = 1; lastKnownFileType = text.xcconfig; name = "Pods-CoronaWorldCompareTests.debug.xcconfig"; path = "Target Support Files/Pods-CoronaWorldCompareTests/Pods-CoronaWorldCompareTests.debug.xcconfig"; sourceTree = "<group>"; };
		0895A693B6C6FA976DBB02D7 /* Pods_CoronaWorldCompareTests.framework */ = {isa = PBXFileReference; explicitFileType = wrapper.framework; includeInIndex = 0; path = Pods_CoronaWorldCompareTests.framework; sourceTree = BUILT_PRODUCTS_DIR; };
		08AEFC8DB9B7C6322E91E8AB /* Pods-CoronaWorldCompare.debug.xcconfig */ = {isa = PBXFileReference; includeInIndex = 1; lastKnownFileType = text.xcconfig; name = "Pods-CoronaWorldCompare.debug.xcconfig"; path = "Target Support Files/Pods-CoronaWorldCompare/Pods-CoronaWorldCompare.debug.xcconfig"; sourceTree = "<group>"; };
		588F50A14E845D948918564A /* Pods-CoronaWorldCompare-CoronaWorldCompareUITests.debug.xcconfig */ = {isa = PBXFileReference; includeInIndex = 1; lastKnownFileType = text.xcconfig; name = "Pods-CoronaWorldCompare-CoronaWorldCompareUITests.debug.xcconfig"; path = "Target Support Files/Pods-CoronaWorldCompare-CoronaWorldCompareUITests/Pods-CoronaWorldCompare-CoronaWorldCompareUITests.debug.xcconfig"; sourceTree = "<group>"; };
		7EAB5B6C1F6E45EDAF29A748 /* Pods-CoronaWorldCompare.release.xcconfig */ = {isa = PBXFileReference; includeInIndex = 1; lastKnownFileType = text.xcconfig; name = "Pods-CoronaWorldCompare.release.xcconfig"; path = "Target Support Files/Pods-CoronaWorldCompare/Pods-CoronaWorldCompare.release.xcconfig"; sourceTree = "<group>"; };
		B17FEFC6657ABF72EE40BF7C /* Pods-CoronaWorldCompareTests.release.xcconfig */ = {isa = PBXFileReference; includeInIndex = 1; lastKnownFileType = text.xcconfig; name = "Pods-CoronaWorldCompareTests.release.xcconfig"; path = "Target Support Files/Pods-CoronaWorldCompareTests/Pods-CoronaWorldCompareTests.release.xcconfig"; sourceTree = "<group>"; };
		CE796FF1244BC43D00EE4830 /* CoronaWorldCompare.app */ = {isa = PBXFileReference; explicitFileType = wrapper.application; includeInIndex = 0; path = CoronaWorldCompare.app; sourceTree = BUILT_PRODUCTS_DIR; };
		CE796FF4244BC43D00EE4830 /* AppDelegate.swift */ = {isa = PBXFileReference; lastKnownFileType = sourcecode.swift; path = AppDelegate.swift; sourceTree = "<group>"; };
		CE796FF6244BC43D00EE4830 /* SceneDelegate.swift */ = {isa = PBXFileReference; lastKnownFileType = sourcecode.swift; path = SceneDelegate.swift; sourceTree = "<group>"; };
		CE796FF8244BC43D00EE4830 /* ViewController.swift */ = {isa = PBXFileReference; lastKnownFileType = sourcecode.swift; path = ViewController.swift; sourceTree = "<group>"; };
		CE796FFB244BC43D00EE4830 /* Base */ = {isa = PBXFileReference; lastKnownFileType = file.storyboard; name = Base; path = Base.lproj/Main.storyboard; sourceTree = "<group>"; };
		CE796FFE244BC43D00EE4830 /* CoronaWorldCompare.xcdatamodel */ = {isa = PBXFileReference; lastKnownFileType = wrapper.xcdatamodel; path = CoronaWorldCompare.xcdatamodel; sourceTree = "<group>"; };
		CE797000244BC43F00EE4830 /* Assets.xcassets */ = {isa = PBXFileReference; lastKnownFileType = folder.assetcatalog; path = Assets.xcassets; sourceTree = "<group>"; };
		CE797003244BC43F00EE4830 /* Base */ = {isa = PBXFileReference; lastKnownFileType = file.storyboard; name = Base; path = Base.lproj/LaunchScreen.storyboard; sourceTree = "<group>"; };
		CE797005244BC43F00EE4830 /* Info.plist */ = {isa = PBXFileReference; lastKnownFileType = text.plist.xml; path = Info.plist; sourceTree = "<group>"; };
		CE79700A244BC44000EE4830 /* CoronaWorldCompareTests.xctest */ = {isa = PBXFileReference; explicitFileType = wrapper.cfbundle; includeInIndex = 0; path = CoronaWorldCompareTests.xctest; sourceTree = BUILT_PRODUCTS_DIR; };
		CE79700E244BC44000EE4830 /* CoronaWorldCompareTests.swift */ = {isa = PBXFileReference; lastKnownFileType = sourcecode.swift; path = CoronaWorldCompareTests.swift; sourceTree = "<group>"; };
		CE797010244BC44000EE4830 /* Info.plist */ = {isa = PBXFileReference; lastKnownFileType = text.plist.xml; path = Info.plist; sourceTree = "<group>"; };
		CE797015244BC44000EE4830 /* CoronaWorldCompareUITests.xctest */ = {isa = PBXFileReference; explicitFileType = wrapper.cfbundle; includeInIndex = 0; path = CoronaWorldCompareUITests.xctest; sourceTree = BUILT_PRODUCTS_DIR; };
		CE797019244BC44000EE4830 /* CoronaWorldCompareUITests.swift */ = {isa = PBXFileReference; lastKnownFileType = sourcecode.swift; path = CoronaWorldCompareUITests.swift; sourceTree = "<group>"; };
		CE79701B244BC44000EE4830 /* Info.plist */ = {isa = PBXFileReference; lastKnownFileType = text.plist.xml; path = Info.plist; sourceTree = "<group>"; };
		CEDF361C24B0A0E000744FAD /* ApiService.swift */ = {isa = PBXFileReference; lastKnownFileType = sourcecode.swift; path = ApiService.swift; sourceTree = "<group>"; };
		CEE46C9E244C461500D8225B /* Alamofire.framework */ = {isa = PBXFileReference; explicitFileType = wrapper.framework; path = Alamofire.framework; sourceTree = BUILT_PRODUCTS_DIR; };
		CEE46C9F244C461500D8225B /* AlamofireObjectMapper.framework */ = {isa = PBXFileReference; explicitFileType = wrapper.framework; path = AlamofireObjectMapper.framework; sourceTree = BUILT_PRODUCTS_DIR; };
		CEE46CA0244C461500D8225B /* ObjectMapper.framework */ = {isa = PBXFileReference; explicitFileType = wrapper.framework; path = ObjectMapper.framework; sourceTree = BUILT_PRODUCTS_DIR; };
		CEE46CA8244C465D00D8225B /* Pods_CoronaWorldCompare.framework */ = {isa = PBXFileReference; explicitFileType = wrapper.framework; path = Pods_CoronaWorldCompare.framework; sourceTree = BUILT_PRODUCTS_DIR; };
		CEE46CA9244C465D00D8225B /* Pods_CoronaWorldCompareTests.framework */ = {isa = PBXFileReference; explicitFileType = wrapper.framework; path = Pods_CoronaWorldCompareTests.framework; sourceTree = BUILT_PRODUCTS_DIR; };
		CEE46CAE244C5EB400D8225B /* CompareVC.swift */ = {isa = PBXFileReference; lastKnownFileType = sourcecode.swift; path = CompareVC.swift; sourceTree = "<group>"; };
		CEE46CB0244C5EF900D8225B /* CountryCell.swift */ = {isa = PBXFileReference; lastKnownFileType = sourcecode.swift; path = CountryCell.swift; sourceTree = "<group>"; };
		CEE46CB1244C5EF900D8225B /* CountryCell.xib */ = {isa = PBXFileReference; lastKnownFileType = file.xib; path = CountryCell.xib; sourceTree = "<group>"; };
		CEE46CB4244C655900D8225B /* Country.swift */ = {isa = PBXFileReference; lastKnownFileType = sourcecode.swift; path = Country.swift; sourceTree = "<group>"; };
		EF583DE0E816D90AB1BB5192 /* Pods-CoronaWorldCompare-CoronaWorldCompareUITests.release.xcconfig */ = {isa = PBXFileReference; includeInIndex = 1; lastKnownFileType = text.xcconfig; name = "Pods-CoronaWorldCompare-CoronaWorldCompareUITests.release.xcconfig"; path = "Target Support Files/Pods-CoronaWorldCompare-CoronaWorldCompareUITests/Pods-CoronaWorldCompare-CoronaWorldCompareUITests.release.xcconfig"; sourceTree = "<group>"; };
		F601D13828FCFD7C2F7AE365 /* Pods_CoronaWorldCompare.framework */ = {isa = PBXFileReference; explicitFileType = wrapper.framework; includeInIndex = 0; path = Pods_CoronaWorldCompare.framework; sourceTree = BUILT_PRODUCTS_DIR; };
/* End PBXFileReference section */

/* Begin PBXFrameworksBuildPhase section */
		CE796FEE244BC43D00EE4830 /* Frameworks */ = {
			isa = PBXFrameworksBuildPhase;
			buildActionMask = 2147483647;
			files = (
				CEE46CAC244C465D00D8225B /* Pods_CoronaWorldCompareTests.framework in Frameworks */,
				CEE46CAA244C465D00D8225B /* Pods_CoronaWorldCompare.framework in Frameworks */,
			);
			runOnlyForDeploymentPostprocessing = 0;
		};
		CE797007244BC44000EE4830 /* Frameworks */ = {
			isa = PBXFrameworksBuildPhase;
			buildActionMask = 2147483647;
			files = (
				FD1F30112412F5158A026D52 /* Pods_CoronaWorldCompareTests.framework in Frameworks */,
			);
			runOnlyForDeploymentPostprocessing = 0;
		};
		CE797012244BC44000EE4830 /* Frameworks */ = {
			isa = PBXFrameworksBuildPhase;
			buildActionMask = 2147483647;
			files = (
				DA6CE95DEEA6CB9408E8D873 /* Pods_CoronaWorldCompare_CoronaWorldCompareUITests.framework in Frameworks */,
			);
			runOnlyForDeploymentPostprocessing = 0;
		};
/* End PBXFrameworksBuildPhase section */

/* Begin PBXGroup section */
		6B40FDAD4F674A11B58D3484 /* Pods */ = {
			isa = PBXGroup;
			children = (
				08AEFC8DB9B7C6322E91E8AB /* Pods-CoronaWorldCompare.debug.xcconfig */,
				7EAB5B6C1F6E45EDAF29A748 /* Pods-CoronaWorldCompare.release.xcconfig */,
				588F50A14E845D948918564A /* Pods-CoronaWorldCompare-CoronaWorldCompareUITests.debug.xcconfig */,
				EF583DE0E816D90AB1BB5192 /* Pods-CoronaWorldCompare-CoronaWorldCompareUITests.release.xcconfig */,
				02A1C7F30E86A301A593CCC4 /* Pods-CoronaWorldCompareTests.debug.xcconfig */,
				B17FEFC6657ABF72EE40BF7C /* Pods-CoronaWorldCompareTests.release.xcconfig */,
			);
			path = Pods;
			sourceTree = "<group>";
		};
		CE796FE8244BC43D00EE4830 = {
			isa = PBXGroup;
			children = (
				CE796FF3244BC43D00EE4830 /* CoronaWorldCompare */,
				CE79700D244BC44000EE4830 /* CoronaWorldCompareTests */,
				CE797018244BC44000EE4830 /* CoronaWorldCompareUITests */,
				CE796FF2244BC43D00EE4830 /* Products */,
				6B40FDAD4F674A11B58D3484 /* Pods */,
				FBC07A6AF8D49181B3C04861 /* Frameworks */,
			);
			sourceTree = "<group>";
		};
		CE796FF2244BC43D00EE4830 /* Products */ = {
			isa = PBXGroup;
			children = (
				CE796FF1244BC43D00EE4830 /* CoronaWorldCompare.app */,
				CE79700A244BC44000EE4830 /* CoronaWorldCompareTests.xctest */,
				CE797015244BC44000EE4830 /* CoronaWorldCompareUITests.xctest */,
			);
			name = Products;
			sourceTree = "<group>";
		};
		CE796FF3244BC43D00EE4830 /* CoronaWorldCompare */ = {
			isa = PBXGroup;
			children = (
				CEDF361B24B0A0C200744FAD /* ApiService */,
				CEE46CB8244C666F00D8225B /* Controller */,
				CEE46CB7244C666A00D8225B /* Model */,
				CEE46CB6244C666000D8225B /* View */,
				CE796FF4244BC43D00EE4830 /* AppDelegate.swift */,
				CE796FF6244BC43D00EE4830 /* SceneDelegate.swift */,
				CE796FFA244BC43D00EE4830 /* Main.storyboard */,
				CE797000244BC43F00EE4830 /* Assets.xcassets */,
				CE797002244BC43F00EE4830 /* LaunchScreen.storyboard */,
				CE797005244BC43F00EE4830 /* Info.plist */,
				CE796FFD244BC43D00EE4830 /* CoronaWorldCompare.xcdatamodeld */,
			);
			path = CoronaWorldCompare;
			sourceTree = "<group>";
		};
		CE79700D244BC44000EE4830 /* CoronaWorldCompareTests */ = {
			isa = PBXGroup;
			children = (
				CE79700E244BC44000EE4830 /* CoronaWorldCompareTests.swift */,
				CE797010244BC44000EE4830 /* Info.plist */,
			);
			path = CoronaWorldCompareTests;
			sourceTree = "<group>";
		};
		CE797018244BC44000EE4830 /* CoronaWorldCompareUITests */ = {
			isa = PBXGroup;
			children = (
				CE797019244BC44000EE4830 /* CoronaWorldCompareUITests.swift */,
				CE79701B244BC44000EE4830 /* Info.plist */,
			);
			path = CoronaWorldCompareUITests;
			sourceTree = "<group>";
		};
		CEDF361B24B0A0C200744FAD /* ApiService */ = {
			isa = PBXGroup;
			children = (
				CEDF361C24B0A0E000744FAD /* ApiService.swift */,
			);
			path = ApiService;
			sourceTree = "<group>";
		};
		CEE46CB6244C666000D8225B /* View */ = {
			isa = PBXGroup;
			children = (
				CEE46CB0244C5EF900D8225B /* CountryCell.swift */,
				CEE46CB1244C5EF900D8225B /* CountryCell.xib */,
			);
			path = View;
			sourceTree = "<group>";
		};
		CEE46CB7244C666A00D8225B /* Model */ = {
			isa = PBXGroup;
			children = (
				CEE46CB4244C655900D8225B /* Country.swift */,
			);
			path = Model;
			sourceTree = "<group>";
		};
		CEE46CB8244C666F00D8225B /* Controller */ = {
			isa = PBXGroup;
			children = (
				CE796FF8244BC43D00EE4830 /* ViewController.swift */,
				CEE46CAE244C5EB400D8225B /* CompareVC.swift */,
			);
			path = Controller;
			sourceTree = "<group>";
		};
		FBC07A6AF8D49181B3C04861 /* Frameworks */ = {
			isa = PBXGroup;
			children = (
				CEE46CA8244C465D00D8225B /* Pods_CoronaWorldCompare.framework */,
				CEE46CA9244C465D00D8225B /* Pods_CoronaWorldCompareTests.framework */,
				CEE46C9E244C461500D8225B /* Alamofire.framework */,
				CEE46C9F244C461500D8225B /* AlamofireObjectMapper.framework */,
				CEE46CA0244C461500D8225B /* ObjectMapper.framework */,
				F601D13828FCFD7C2F7AE365 /* Pods_CoronaWorldCompare.framework */,
				01154690BCF56EF1308FE0B7 /* Pods_CoronaWorldCompare_CoronaWorldCompareUITests.framework */,
				0895A693B6C6FA976DBB02D7 /* Pods_CoronaWorldCompareTests.framework */,
			);
			name = Frameworks;
			sourceTree = "<group>";
		};
/* End PBXGroup section */

/* Begin PBXNativeTarget section */
		CE796FF0244BC43D00EE4830 /* CoronaWorldCompare */ = {
			isa = PBXNativeTarget;
			buildConfigurationList = CE79701E244BC44000EE4830 /* Build configuration list for PBXNativeTarget "CoronaWorldCompare" */;
			buildPhases = (
				81A5877F387F85CDE5D800CF /* [CP] Check Pods Manifest.lock */,
				CE796FED244BC43D00EE4830 /* Sources */,
				CE796FEE244BC43D00EE4830 /* Frameworks */,
				CE796FEF244BC43D00EE4830 /* Resources */,
				06D81E3F66039F2CD02B339D /* [CP] Embed Pods Frameworks */,
				CEE46CA7244C461500D8225B /* Embed Frameworks */,
			);
			buildRules = (
			);
			dependencies = (
			);
			name = CoronaWorldCompare;
			productName = CoronaWorldCompare;
			productReference = CE796FF1244BC43D00EE4830 /* CoronaWorldCompare.app */;
			productType = "com.apple.product-type.application";
		};
		CE797009244BC44000EE4830 /* CoronaWorldCompareTests */ = {
			isa = PBXNativeTarget;
			buildConfigurationList = CE797021244BC44000EE4830 /* Build configuration list for PBXNativeTarget "CoronaWorldCompareTests" */;
			buildPhases = (
				DB6E4CCDC9A7C739C3610E32 /* [CP] Check Pods Manifest.lock */,
				CE797006244BC44000EE4830 /* Sources */,
				CE797007244BC44000EE4830 /* Frameworks */,
				CE797008244BC44000EE4830 /* Resources */,
			);
			buildRules = (
			);
			dependencies = (
				CE79700C244BC44000EE4830 /* PBXTargetDependency */,
			);
			name = CoronaWorldCompareTests;
			productName = CoronaWorldCompareTests;
			productReference = CE79700A244BC44000EE4830 /* CoronaWorldCompareTests.xctest */;
			productType = "com.apple.product-type.bundle.unit-test";
		};
		CE797014244BC44000EE4830 /* CoronaWorldCompareUITests */ = {
			isa = PBXNativeTarget;
			buildConfigurationList = CE797024244BC44000EE4830 /* Build configuration list for PBXNativeTarget "CoronaWorldCompareUITests" */;
			buildPhases = (
				5C5D6F0F4E306CB8000A2C5D /* [CP] Check Pods Manifest.lock */,
				CE797011244BC44000EE4830 /* Sources */,
				CE797012244BC44000EE4830 /* Frameworks */,
				CE797013244BC44000EE4830 /* Resources */,
				E6F4406E021E1BC18AFD7A71 /* [CP] Embed Pods Frameworks */,
			);
			buildRules = (
			);
			dependencies = (
				CE797017244BC44000EE4830 /* PBXTargetDependency */,
			);
			name = CoronaWorldCompareUITests;
			productName = CoronaWorldCompareUITests;
			productReference = CE797015244BC44000EE4830 /* CoronaWorldCompareUITests.xctest */;
			productType = "com.apple.product-type.bundle.ui-testing";
		};
/* End PBXNativeTarget section */

/* Begin PBXProject section */
		CE796FE9244BC43D00EE4830 /* Project object */ = {
			isa = PBXProject;
			attributes = {
				LastSwiftUpdateCheck = 1130;
				LastUpgradeCheck = 1130;
				ORGANIZATIONNAME = "Bartu akman";
				TargetAttributes = {
					CE796FF0244BC43D00EE4830 = {
						CreatedOnToolsVersion = 11.3.1;
					};
					CE797009244BC44000EE4830 = {
						CreatedOnToolsVersion = 11.3.1;
						TestTargetID = CE796FF0244BC43D00EE4830;
					};
					CE797014244BC44000EE4830 = {
						CreatedOnToolsVersion = 11.3.1;
						TestTargetID = CE796FF0244BC43D00EE4830;
					};
				};
			};
			buildConfigurationList = CE796FEC244BC43D00EE4830 /* Build configuration list for PBXProject "CoronaWorldCompare" */;
			compatibilityVersion = "Xcode 9.3";
			developmentRegion = en;
			hasScannedForEncodings = 0;
			knownRegions = (
				en,
				Base,
			);
			mainGroup = CE796FE8244BC43D00EE4830;
			productRefGroup = CE796FF2244BC43D00EE4830 /* Products */;
			projectDirPath = "";
			projectRoot = "";
			targets = (
				CE796FF0244BC43D00EE4830 /* CoronaWorldCompare */,
				CE797009244BC44000EE4830 /* CoronaWorldCompareTests */,
				CE797014244BC44000EE4830 /* CoronaWorldCompareUITests */,
			);
		};
/* End PBXProject section */

/* Begin PBXResourcesBuildPhase section */
		CE796FEF244BC43D00EE4830 /* Resources */ = {
			isa = PBXResourcesBuildPhase;
			buildActionMask = 2147483647;
			files = (
				CEE46CB3244C5EF900D8225B /* CountryCell.xib in Resources */,
				CE797004244BC43F00EE4830 /* LaunchScreen.storyboard in Resources */,
				CE797001244BC43F00EE4830 /* Assets.xcassets in Resources */,
				CE796FFC244BC43D00EE4830 /* Main.storyboard in Resources */,
			);
			runOnlyForDeploymentPostprocessing = 0;
		};
		CE797008244BC44000EE4830 /* Resources */ = {
			isa = PBXResourcesBuildPhase;
			buildActionMask = 2147483647;
			files = (
			);
			runOnlyForDeploymentPostprocessing = 0;
		};
		CE797013244BC44000EE4830 /* Resources */ = {
			isa = PBXResourcesBuildPhase;
			buildActionMask = 2147483647;
			files = (
			);
			runOnlyForDeploymentPostprocessing = 0;
		};
/* End PBXResourcesBuildPhase section */

/* Begin PBXShellScriptBuildPhase section */
		06D81E3F66039F2CD02B339D /* [CP] Embed Pods Frameworks */ = {
			isa = PBXShellScriptBuildPhase;
			buildActionMask = 2147483647;
			files = (
			);
			inputFileListPaths = (
				"${PODS_ROOT}/Target Support Files/Pods-CoronaWorldCompare/Pods-CoronaWorldCompare-frameworks-${CONFIGURATION}-input-files.xcfilelist",
			);
			name = "[CP] Embed Pods Frameworks";
			outputFileListPaths = (
				"${PODS_ROOT}/Target Support Files/Pods-CoronaWorldCompare/Pods-CoronaWorldCompare-frameworks-${CONFIGURATION}-output-files.xcfilelist",
			);
			runOnlyForDeploymentPostprocessing = 0;
			shellPath = /bin/sh;
			shellScript = "\"${PODS_ROOT}/Target Support Files/Pods-CoronaWorldCompare/Pods-CoronaWorldCompare-frameworks.sh\"\n";
			showEnvVarsInLog = 0;
		};
		5C5D6F0F4E306CB8000A2C5D /* [CP] Check Pods Manifest.lock */ = {
			isa = PBXShellScriptBuildPhase;
			buildActionMask = 2147483647;
			files = (
			);
			inputFileListPaths = (
			);
			inputPaths = (
				"${PODS_PODFILE_DIR_PATH}/Podfile.lock",
				"${PODS_ROOT}/Manifest.lock",
			);
			name = "[CP] Check Pods Manifest.lock";
			outputFileListPaths = (
			);
			outputPaths = (
				"$(DERIVED_FILE_DIR)/Pods-CoronaWorldCompare-CoronaWorldCompareUITests-checkManifestLockResult.txt",
			);
			runOnlyForDeploymentPostprocessing = 0;
			shellPath = /bin/sh;
			shellScript = "diff \"${PODS_PODFILE_DIR_PATH}/Podfile.lock\" \"${PODS_ROOT}/Manifest.lock\" > /dev/null\nif [ $? != 0 ] ; then\n    # print error to STDERR\n    echo \"error: The sandbox is not in sync with the Podfile.lock. Run 'pod install' or update your CocoaPods installation.\" >&2\n    exit 1\nfi\n# This output is used by Xcode 'outputs' to avoid re-running this script phase.\necho \"SUCCESS\" > \"${SCRIPT_OUTPUT_FILE_0}\"\n";
			showEnvVarsInLog = 0;
		};
		81A5877F387F85CDE5D800CF /* [CP] Check Pods Manifest.lock */ = {
			isa = PBXShellScriptBuildPhase;
			buildActionMask = 2147483647;
			files = (
			);
			inputFileListPaths = (
			);
			inputPaths = (
				"${PODS_PODFILE_DIR_PATH}/Podfile.lock",
				"${PODS_ROOT}/Manifest.lock",
			);
			name = "[CP] Check Pods Manifest.lock";
			outputFileListPaths = (
			);
			outputPaths = (
				"$(DERIVED_FILE_DIR)/Pods-CoronaWorldCompare-checkManifestLockResult.txt",
			);
			runOnlyForDeploymentPostprocessing = 0;
			shellPath = /bin/sh;
			shellScript = "diff \"${PODS_PODFILE_DIR_PATH}/Podfile.lock\" \"${PODS_ROOT}/Manifest.lock\" > /dev/null\nif [ $? != 0 ] ; then\n    # print error to STDERR\n    echo \"error: The sandbox is not in sync with the Podfile.lock. Run 'pod install' or update your CocoaPods installation.\" >&2\n    exit 1\nfi\n# This output is used by Xcode 'outputs' to avoid re-running this script phase.\necho \"SUCCESS\" > \"${SCRIPT_OUTPUT_FILE_0}\"\n";
			showEnvVarsInLog = 0;
		};
		DB6E4CCDC9A7C739C3610E32 /* [CP] Check Pods Manifest.lock */ = {
			isa = PBXShellScriptBuildPhase;
			buildActionMask = 2147483647;
			files = (
			);
			inputFileListPaths = (
			);
			inputPaths = (
				"${PODS_PODFILE_DIR_PATH}/Podfile.lock",
				"${PODS_ROOT}/Manifest.lock",
			);
			name = "[CP] Check Pods Manifest.lock";
			outputFileListPaths = (
			);
			outputPaths = (
				"$(DERIVED_FILE_DIR)/Pods-CoronaWorldCompareTests-checkManifestLockResult.txt",
			);
			runOnlyForDeploymentPostprocessing = 0;
			shellPath = /bin/sh;
			shellScript = "diff \"${PODS_PODFILE_DIR_PATH}/Podfile.lock\" \"${PODS_ROOT}/Manifest.lock\" > /dev/null\nif [ $? != 0 ] ; then\n    # print error to STDERR\n    echo \"error: The sandbox is not in sync with the Podfile.lock. Run 'pod install' or update your CocoaPods installation.\" >&2\n    exit 1\nfi\n# This output is used by Xcode 'outputs' to avoid re-running this script phase.\necho \"SUCCESS\" > \"${SCRIPT_OUTPUT_FILE_0}\"\n";
			showEnvVarsInLog = 0;
		};
		E6F4406E021E1BC18AFD7A71 /* [CP] Embed Pods Frameworks */ = {
			isa = PBXShellScriptBuildPhase;
			buildActionMask = 2147483647;
			files = (
			);
			inputFileListPaths = (
				"${PODS_ROOT}/Target Support Files/Pods-CoronaWorldCompare-CoronaWorldCompareUITests/Pods-CoronaWorldCompare-CoronaWorldCompareUITests-frameworks-${CONFIGURATION}-input-files.xcfilelist",
			);
			name = "[CP] Embed Pods Frameworks";
			outputFileListPaths = (
				"${PODS_ROOT}/Target Support Files/Pods-CoronaWorldCompare-CoronaWorldCompareUITests/Pods-CoronaWorldCompare-CoronaWorldCompareUITests-frameworks-${CONFIGURATION}-output-files.xcfilelist",
			);
			runOnlyForDeploymentPostprocessing = 0;
			shellPath = /bin/sh;
			shellScript = "\"${PODS_ROOT}/Target Support Files/Pods-CoronaWorldCompare-CoronaWorldCompareUITests/Pods-CoronaWorldCompare-CoronaWorldCompareUITests-frameworks.sh\"\n";
			showEnvVarsInLog = 0;
		};
/* End PBXShellScriptBuildPhase section */

/* Begin PBXSourcesBuildPhase section */
		CE796FED244BC43D00EE4830 /* Sources */ = {
			isa = PBXSourcesBuildPhase;
			buildActionMask = 2147483647;
			files = (
				CEE46CB5244C655900D8225B /* Country.swift in Sources */,
				CEE46CAF244C5EB400D8225B /* CompareVC.swift in Sources */,
				CE796FFF244BC43D00EE4830 /* CoronaWorldCompare.xcdatamodeld in Sources */,
				CEE46CB2244C5EF900D8225B /* CountryCell.swift in Sources */,
				CE796FF9244BC43D00EE4830 /* ViewController.swift in Sources */,
				CE796FF5244BC43D00EE4830 /* AppDelegate.swift in Sources */,
				CEDF361D24B0A0E000744FAD /* ApiService.swift in Sources */,
				CE796FF7244BC43D00EE4830 /* SceneDelegate.swift in Sources */,
			);
			runOnlyForDeploymentPostprocessing = 0;
		};
		CE797006244BC44000EE4830 /* Sources */ = {
			isa = PBXSourcesBuildPhase;
			buildActionMask = 2147483647;
			files = (
				CE79700F244BC44000EE4830 /* CoronaWorldCompareTests.swift in Sources */,
			);
			runOnlyForDeploymentPostprocessing = 0;
		};
		CE797011244BC44000EE4830 /* Sources */ = {
			isa = PBXSourcesBuildPhase;
			buildActionMask = 2147483647;
			files = (
				CE79701A244BC44000EE4830 /* CoronaWorldCompareUITests.swift in Sources */,
			);
			runOnlyForDeploymentPostprocessing = 0;
		};
/* End PBXSourcesBuildPhase section */

/* Begin PBXTargetDependency section */
		CE79700C244BC44000EE4830 /* PBXTargetDependency */ = {
			isa = PBXTargetDependency;
			target = CE796FF0244BC43D00EE4830 /* CoronaWorldCompare */;
			targetProxy = CE79700B244BC44000EE4830 /* PBXContainerItemProxy */;
		};
		CE797017244BC44000EE4830 /* PBXTargetDependency */ = {
			isa = PBXTargetDependency;
			target = CE796FF0244BC43D00EE4830 /* CoronaWorldCompare */;
			targetProxy = CE797016244BC44000EE4830 /* PBXContainerItemProxy */;
		};
/* End PBXTargetDependency section */

/* Begin PBXVariantGroup section */
		CE796FFA244BC43D00EE4830 /* Main.storyboard */ = {
			isa = PBXVariantGroup;
			children = (
				CE796FFB244BC43D00EE4830 /* Base */,
			);
			name = Main.storyboard;
			sourceTree = "<group>";
		};
		CE797002244BC43F00EE4830 /* LaunchScreen.storyboard */ = {
			isa = PBXVariantGroup;
			children = (
				CE797003244BC43F00EE4830 /* Base */,
			);
			name = LaunchScreen.storyboard;
			sourceTree = "<group>";
		};
/* End PBXVariantGroup section */

/* Begin XCBuildConfiguration section */
		CE79701C244BC44000EE4830 /* Debug */ = {
			isa = XCBuildConfiguration;
			buildSettings = {
				ALWAYS_SEARCH_USER_PATHS = NO;
				CLANG_ANALYZER_NONNULL = YES;
				CLANG_ANALYZER_NUMBER_OBJECT_CONVERSION = YES_AGGRESSIVE;
				CLANG_CXX_LANGUAGE_STANDARD = "gnu++14";
				CLANG_CXX_LIBRARY = "libc++";
				CLANG_ENABLE_MODULES = YES;
				CLANG_ENABLE_OBJC_ARC = YES;
				CLANG_ENABLE_OBJC_WEAK = YES;
				CLANG_WARN_BLOCK_CAPTURE_AUTORELEASING = YES;
				CLANG_WARN_BOOL_CONVERSION = YES;
				CLANG_WARN_COMMA = YES;
				CLANG_WARN_CONSTANT_CONVERSION = YES;
				CLANG_WARN_DEPRECATED_OBJC_IMPLEMENTATIONS = YES;
				CLANG_WARN_DIRECT_OBJC_ISA_USAGE = YES_ERROR;
				CLANG_WARN_DOCUMENTATION_COMMENTS = YES;
				CLANG_WARN_EMPTY_BODY = YES;
				CLANG_WARN_ENUM_CONVERSION = YES;
				CLANG_WARN_INFINITE_RECURSION = YES;
				CLANG_WARN_INT_CONVERSION = YES;
				CLANG_WARN_NON_LITERAL_NULL_CONVERSION = YES;
				CLANG_WARN_OBJC_IMPLICIT_RETAIN_SELF = YES;
				CLANG_WARN_OBJC_LITERAL_CONVERSION = YES;
				CLANG_WARN_OBJC_ROOT_CLASS = YES_ERROR;
				CLANG_WARN_RANGE_LOOP_ANALYSIS = YES;
				CLANG_WARN_STRICT_PROTOTYPES = YES;
				CLANG_WARN_SUSPICIOUS_MOVE = YES;
				CLANG_WARN_UNGUARDED_AVAILABILITY = YES_AGGRESSIVE;
				CLANG_WARN_UNREACHABLE_CODE = YES;
				CLANG_WARN__DUPLICATE_METHOD_MATCH = YES;
				COPY_PHASE_STRIP = NO;
				DEBUG_INFORMATION_FORMAT = dwarf;
				ENABLE_STRICT_OBJC_MSGSEND = YES;
				ENABLE_TESTABILITY = YES;
				GCC_C_LANGUAGE_STANDARD = gnu11;
				GCC_DYNAMIC_NO_PIC = NO;
				GCC_NO_COMMON_BLOCKS = YES;
				GCC_OPTIMIZATION_LEVEL = 0;
				GCC_PREPROCESSOR_DEFINITIONS = (
					"DEBUG=1",
					"$(inherited)",
				);
				GCC_WARN_64_TO_32_BIT_CONVERSION = YES;
				GCC_WARN_ABOUT_RETURN_TYPE = YES_ERROR;
				GCC_WARN_UNDECLARED_SELECTOR = YES;
				GCC_WARN_UNINITIALIZED_AUTOS = YES_AGGRESSIVE;
				GCC_WARN_UNUSED_FUNCTION = YES;
				GCC_WARN_UNUSED_VARIABLE = YES;
				IPHONEOS_DEPLOYMENT_TARGET = 13.2;
				MTL_ENABLE_DEBUG_INFO = INCLUDE_SOURCE;
				MTL_FAST_MATH = YES;
				ONLY_ACTIVE_ARCH = YES;
				SDKROOT = iphoneos;
				SWIFT_ACTIVE_COMPILATION_CONDITIONS = DEBUG;
				SWIFT_OPTIMIZATION_LEVEL = "-Onone";
			};
			name = Debug;
		};
		CE79701D244BC44000EE4830 /* Release */ = {
			isa = XCBuildConfiguration;
			buildSettings = {
				ALWAYS_SEARCH_USER_PATHS = NO;
				CLANG_ANALYZER_NONNULL = YES;
				CLANG_ANALYZER_NUMBER_OBJECT_CONVERSION = YES_AGGRESSIVE;
				CLANG_CXX_LANGUAGE_STANDARD = "gnu++14";
				CLANG_CXX_LIBRARY = "libc++";
				CLANG_ENABLE_MODULES = YES;
				CLANG_ENABLE_OBJC_ARC = YES;
				CLANG_ENABLE_OBJC_WEAK = YES;
				CLANG_WARN_BLOCK_CAPTURE_AUTORELEASING = YES;
				CLANG_WARN_BOOL_CONVERSION = YES;
				CLANG_WARN_COMMA = YES;
				CLANG_WARN_CONSTANT_CONVERSION = YES;
				CLANG_WARN_DEPRECATED_OBJC_IMPLEMENTATIONS = YES;
				CLANG_WARN_DIRECT_OBJC_ISA_USAGE = YES_ERROR;
				CLANG_WARN_DOCUMENTATION_COMMENTS = YES;
				CLANG_WARN_EMPTY_BODY = YES;
				CLANG_WARN_ENUM_CONVERSION = YES;
				CLANG_WARN_INFINITE_RECURSION = YES;
				CLANG_WARN_INT_CONVERSION = YES;
				CLANG_WARN_NON_LITERAL_NULL_CONVERSION = YES;
				CLANG_WARN_OBJC_IMPLICIT_RETAIN_SELF = YES;
				CLANG_WARN_OBJC_LITERAL_CONVERSION = YES;
				CLANG_WARN_OBJC_ROOT_CLASS = YES_ERROR;
				CLANG_WARN_RANGE_LOOP_ANALYSIS = YES;
				CLANG_WARN_STRICT_PROTOTYPES = YES;
				CLANG_WARN_SUSPICIOUS_MOVE = YES;
				CLANG_WARN_UNGUARDED_AVAILABILITY = YES_AGGRESSIVE;
				CLANG_WARN_UNREACHABLE_CODE = YES;
				CLANG_WARN__DUPLICATE_METHOD_MATCH = YES;
				COPY_PHASE_STRIP = NO;
				DEBUG_INFORMATION_FORMAT = "dwarf-with-dsym";
				ENABLE_NS_ASSERTIONS = NO;
				ENABLE_STRICT_OBJC_MSGSEND = YES;
				GCC_C_LANGUAGE_STANDARD = gnu11;
				GCC_NO_COMMON_BLOCKS = YES;
				GCC_WARN_64_TO_32_BIT_CONVERSION = YES;
				GCC_WARN_ABOUT_RETURN_TYPE = YES_ERROR;
				GCC_WARN_UNDECLARED_SELECTOR = YES;
				GCC_WARN_UNINITIALIZED_AUTOS = YES_AGGRESSIVE;
				GCC_WARN_UNUSED_FUNCTION = YES;
				GCC_WARN_UNUSED_VARIABLE = YES;
				IPHONEOS_DEPLOYMENT_TARGET = 13.2;
				MTL_ENABLE_DEBUG_INFO = NO;
				MTL_FAST_MATH = YES;
				SDKROOT = iphoneos;
				SWIFT_COMPILATION_MODE = wholemodule;
				SWIFT_OPTIMIZATION_LEVEL = "-O";
				VALIDATE_PRODUCT = YES;
			};
			name = Release;
		};
		CE79701F244BC44000EE4830 /* Debug */ = {
			isa = XCBuildConfiguration;
			baseConfigurationReference = 08AEFC8DB9B7C6322E91E8AB /* Pods-CoronaWorldCompare.debug.xcconfig */;
			buildSettings = {
				ASSETCATALOG_COMPILER_APPICON_NAME = AppIcon;
				CODE_SIGN_STYLE = Automatic;
				INFOPLIST_FILE = CoronaWorldCompare/Info.plist;
				LD_RUNPATH_SEARCH_PATHS = (
					"$(inherited)",
					"@executable_path/Frameworks",
				);
				PRODUCT_BUNDLE_IDENTIFIER = com.bartu.CoronaWorldCompare;
				PRODUCT_NAME = "$(TARGET_NAME)";
				SWIFT_VERSION = 5.0;
				TARGETED_DEVICE_FAMILY = "1,2";
			};
			name = Debug;
		};
		CE797020244BC44000EE4830 /* Release */ = {
			isa = XCBuildConfiguration;
			baseConfigurationReference = 7EAB5B6C1F6E45EDAF29A748 /* Pods-CoronaWorldCompare.release.xcconfig */;
			buildSettings = {
				ASSETCATALOG_COMPILER_APPICON_NAME = AppIcon;
				CODE_SIGN_STYLE = Automatic;
				INFOPLIST_FILE = CoronaWorldCompare/Info.plist;
				LD_RUNPATH_SEARCH_PATHS = (
					"$(inherited)",
					"@executable_path/Frameworks",
				);
				PRODUCT_BUNDLE_IDENTIFIER = com.bartu.CoronaWorldCompare;
				PRODUCT_NAME = "$(TARGET_NAME)";
				SWIFT_VERSION = 5.0;
				TARGETED_DEVICE_FAMILY = "1,2";
			};
			name = Release;
		};
		CE797022244BC44000EE4830 /* Debug */ = {
			isa = XCBuildConfiguration;
			baseConfigurationReference = 02A1C7F30E86A301A593CCC4 /* Pods-CoronaWorldCompareTests.debug.xcconfig */;
			buildSettings = {
				ALWAYS_EMBED_SWIFT_STANDARD_LIBRARIES = YES;
				BUNDLE_LOADER = "$(TEST_HOST)";
				CODE_SIGN_STYLE = Automatic;
				INFOPLIST_FILE = CoronaWorldCompareTests/Info.plist;
				IPHONEOS_DEPLOYMENT_TARGET = 13.2;
				LD_RUNPATH_SEARCH_PATHS = (
					"$(inherited)",
					"@executable_path/Frameworks",
					"@loader_path/Frameworks",
				);
				PRODUCT_BUNDLE_IDENTIFIER = com.bartu.CoronaWorldCompareTests;
				PRODUCT_NAME = "$(TARGET_NAME)";
				SWIFT_VERSION = 5.0;
				TARGETED_DEVICE_FAMILY = "1,2";
				TEST_HOST = "$(BUILT_PRODUCTS_DIR)/CoronaWorldCompare.app/CoronaWorldCompare";
			};
			name = Debug;
		};
		CE797023244BC44000EE4830 /* Release */ = {
			isa = XCBuildConfiguration;
			baseConfigurationReference = B17FEFC6657ABF72EE40BF7C /* Pods-CoronaWorldCompareTests.release.xcconfig */;
			buildSettings = {
				ALWAYS_EMBED_SWIFT_STANDARD_LIBRARIES = YES;
				BUNDLE_LOADER = "$(TEST_HOST)";
				CODE_SIGN_STYLE = Automatic;
				INFOPLIST_FILE = CoronaWorldCompareTests/Info.plist;
				IPHONEOS_DEPLOYMENT_TARGET = 13.2;
				LD_RUNPATH_SEARCH_PATHS = (
					"$(inherited)",
					"@executable_path/Frameworks",
					"@loader_path/Frameworks",
				);
				PRODUCT_BUNDLE_IDENTIFIER = com.bartu.CoronaWorldCompareTests;
				PRODUCT_NAME = "$(TARGET_NAME)";
				SWIFT_VERSION = 5.0;
				TARGETED_DEVICE_FAMILY = "1,2";
				TEST_HOST = "$(BUILT_PRODUCTS_DIR)/CoronaWorldCompare.app/CoronaWorldCompare";
			};
			name = Release;
		};
		CE797025244BC44000EE4830 /* Debug */ = {
			isa = XCBuildConfiguration;
			baseConfigurationReference = 588F50A14E845D948918564A /* Pods-CoronaWorldCompare-CoronaWorldCompareUITests.debug.xcconfig */;
			buildSettings = {
				ALWAYS_EMBED_SWIFT_STANDARD_LIBRARIES = YES;
				CODE_SIGN_STYLE = Automatic;
				INFOPLIST_FILE = CoronaWorldCompareUITests/Info.plist;
				LD_RUNPATH_SEARCH_PATHS = (
					"$(inherited)",
					"@executable_path/Frameworks",
					"@loader_path/Frameworks",
				);
				PRODUCT_BUNDLE_IDENTIFIER = com.bartu.CoronaWorldCompareUITests;
				PRODUCT_NAME = "$(TARGET_NAME)";
				SWIFT_VERSION = 5.0;
				TARGETED_DEVICE_FAMILY = "1,2";
				TEST_TARGET_NAME = CoronaWorldCompare;
			};
			name = Debug;
		};
		CE797026244BC44000EE4830 /* Release */ = {
			isa = XCBuildConfiguration;
			baseConfigurationReference = EF583DE0E816D90AB1BB5192 /* Pods-CoronaWorldCompare-CoronaWorldCompareUITests.release.xcconfig */;
			buildSettings = {
				ALWAYS_EMBED_SWIFT_STANDARD_LIBRARIES = YES;
				CODE_SIGN_STYLE = Automatic;
				INFOPLIST_FILE = CoronaWorldCompareUITests/Info.plist;
				LD_RUNPATH_SEARCH_PATHS = (
					"$(inherited)",
					"@executable_path/Frameworks",
					"@loader_path/Frameworks",
				);
				PRODUCT_BUNDLE_IDENTIFIER = com.bartu.CoronaWorldCompareUITests;
				PRODUCT_NAME = "$(TARGET_NAME)";
				SWIFT_VERSION = 5.0;
				TARGETED_DEVICE_FAMILY = "1,2";
				TEST_TARGET_NAME = CoronaWorldCompare;
			};
			name = Release;
		};
/* End XCBuildConfiguration section */

/* Begin XCConfigurationList section */
		CE796FEC244BC43D00EE4830 /* Build configuration list for PBXProject "CoronaWorldCompare" */ = {
			isa = XCConfigurationList;
			buildConfigurations = (
				CE79701C244BC44000EE4830 /* Debug */,
				CE79701D244BC44000EE4830 /* Release */,
			);
			defaultConfigurationIsVisible = 0;
			defaultConfigurationName = Release;
		};
		CE79701E244BC44000EE4830 /* Build configuration list for PBXNativeTarget "CoronaWorldCompare" */ = {
			isa = XCConfigurationList;
			buildConfigurations = (
				CE79701F244BC44000EE4830 /* Debug */,
				CE797020244BC44000EE4830 /* Release */,
			);
			defaultConfigurationIsVisible = 0;
			defaultConfigurationName = Release;
		};
		CE797021244BC44000EE4830 /* Build configuration list for PBXNativeTarget "CoronaWorldCompareTests" */ = {
			isa = XCConfigurationList;
			buildConfigurations = (
				CE797022244BC44000EE4830 /* Debug */,
				CE797023244BC44000EE4830 /* Release */,
			);
			defaultConfigurationIsVisible = 0;
			defaultConfigurationName = Release;
		};
		CE797024244BC44000EE4830 /* Build configuration list for PBXNativeTarget "CoronaWorldCompareUITests" */ = {
			isa = XCConfigurationList;
			buildConfigurations = (
				CE797025244BC44000EE4830 /* Debug */,
				CE797026244BC44000EE4830 /* Release */,
			);
			defaultConfigurationIsVisible = 0;
			defaultConfigurationName = Release;
		};
/* End XCConfigurationList section */

/* Begin XCVersionGroup section */
		CE796FFD244BC43D00EE4830 /* CoronaWorldCompare.xcdatamodeld */ = {
			isa = XCVersionGroup;
			children = (
				CE796FFE244BC43D00EE4830 /* CoronaWorldCompare.xcdatamodel */,
			);
			currentVersion = CE796FFE244BC43D00EE4830 /* CoronaWorldCompare.xcdatamodel */;
			path = CoronaWorldCompare.xcdatamodeld;
			sourceTree = "<group>";
			versionGroupType = wrapper.xcdatamodel;
		};
/* End XCVersionGroup section */
	};
	rootObject = CE796FE9244BC43D00EE4830 /* Project object */;
}
